// !$*UTF8*$!
{
	archiveVersion = 1;
	classes = {
	};
	objectVersion = 56;
	objects = {

/* Begin PBXBuildFile section */
		7F593DAA2C10EBFB0081F60C /* ScreenGestures.swift in Sources */ = {isa = PBXBuildFile; fileRef = 7F593DA92C10EBFB0081F60C /* ScreenGestures.swift */; };
		7F593DAC2C1110780081F60C /* SaveTimer.swift in Sources */ = {isa = PBXBuildFile; fileRef = 7F593DAB2C1110780081F60C /* SaveTimer.swift */; };
		7F59ABD92BFE5A14004892AC /* MainViewController.swift in Sources */ = {isa = PBXBuildFile; fileRef = 7F59ABD82BFE5A14004892AC /* MainViewController.swift */; };
		7FB910E72BF519FA008EA7BB /* AppDelegate.swift in Sources */ = {isa = PBXBuildFile; fileRef = 7FB910E62BF519FA008EA7BB /* AppDelegate.swift */; };
		7FB910E92BF519FA008EA7BB /* SceneDelegate.swift in Sources */ = {isa = PBXBuildFile; fileRef = 7FB910E82BF519FA008EA7BB /* SceneDelegate.swift */; };
		7FB910EB2BF519FA008EA7BB /* TimerViewController.swift in Sources */ = {isa = PBXBuildFile; fileRef = 7FB910EA2BF519FA008EA7BB /* TimerViewController.swift */; };
		7FB910EE2BF519FA008EA7BB /* Base in Resources */ = {isa = PBXBuildFile; fileRef = 7FB910ED2BF519FA008EA7BB /* Base */; };
		7FB910F02BF519FB008EA7BB /* Assets.xcassets in Resources */ = {isa = PBXBuildFile; fileRef = 7FB910EF2BF519FB008EA7BB /* Assets.xcassets */; };
		7FB910F32BF519FB008EA7BB /* Base in Resources */ = {isa = PBXBuildFile; fileRef = 7FB910F22BF519FB008EA7BB /* Base */; };
		7FB910FE2BF519FB008EA7BB /* Basic_TimerTests.swift in Sources */ = {isa = PBXBuildFile; fileRef = 7FB910FD2BF519FB008EA7BB /* Basic_TimerTests.swift */; };
		7FB911082BF519FB008EA7BB /* Basic_TimerUITests.swift in Sources */ = {isa = PBXBuildFile; fileRef = 7FB911072BF519FB008EA7BB /* Basic_TimerUITests.swift */; };
		7FB9110A2BF519FB008EA7BB /* Basic_TimerUITestsLaunchTests.swift in Sources */ = {isa = PBXBuildFile; fileRef = 7FB911092BF519FB008EA7BB /* Basic_TimerUITestsLaunchTests.swift */; };
		7FCC90D72C124AD8001C4EAC /* PickerFunction.swift in Sources */ = {isa = PBXBuildFile; fileRef = 7FCC90D62C124AD8001C4EAC /* PickerFunction.swift */; };
/* End PBXBuildFile section */

/* Begin PBXContainerItemProxy section */
		7FB910FA2BF519FB008EA7BB /* PBXContainerItemProxy */ = {
			isa = PBXContainerItemProxy;
			containerPortal = 7FB910DB2BF519FA008EA7BB /* Project object */;
			proxyType = 1;
			remoteGlobalIDString = 7FB910E22BF519FA008EA7BB;
			remoteInfo = Pro_Timer;
		};
		7FB911042BF519FB008EA7BB /* PBXContainerItemProxy */ = {
			isa = PBXContainerItemProxy;
			containerPortal = 7FB910DB2BF519FA008EA7BB /* Project object */;
			proxyType = 1;
			remoteGlobalIDString = 7FB910E22BF519FA008EA7BB;
			remoteInfo = Pro_Timer;
		};
/* End PBXContainerItemProxy section */

/* Begin PBXFileReference section */
		7F593DA92C10EBFB0081F60C /* ScreenGestures.swift */ = {isa = PBXFileReference; lastKnownFileType = sourcecode.swift; path = ScreenGestures.swift; sourceTree = "<group>"; };
		7F593DAB2C1110780081F60C /* SaveTimer.swift */ = {isa = PBXFileReference; lastKnownFileType = sourcecode.swift; path = SaveTimer.swift; sourceTree = "<group>"; };
		7F59ABD82BFE5A14004892AC /* MainViewController.swift */ = {isa = PBXFileReference; lastKnownFileType = sourcecode.swift; path = MainViewController.swift; sourceTree = "<group>"; };
		7FB910E32BF519FA008EA7BB /* Basic_Timer.app */ = {isa = PBXFileReference; explicitFileType = wrapper.application; includeInIndex = 0; path = Basic_Timer.app; sourceTree = BUILT_PRODUCTS_DIR; };
		7FB910E62BF519FA008EA7BB /* AppDelegate.swift */ = {isa = PBXFileReference; lastKnownFileType = sourcecode.swift; path = AppDelegate.swift; sourceTree = "<group>"; };
		7FB910E82BF519FA008EA7BB /* SceneDelegate.swift */ = {isa = PBXFileReference; lastKnownFileType = sourcecode.swift; path = SceneDelegate.swift; sourceTree = "<group>"; };
		7FB910EA2BF519FA008EA7BB /* TimerViewController.swift */ = {isa = PBXFileReference; lastKnownFileType = sourcecode.swift; path = TimerViewController.swift; sourceTree = "<group>"; };
		7FB910ED2BF519FA008EA7BB /* Base */ = {isa = PBXFileReference; lastKnownFileType = file.storyboard; name = Base; path = Base.lproj/Main.storyboard; sourceTree = "<group>"; };
		7FB910EF2BF519FB008EA7BB /* Assets.xcassets */ = {isa = PBXFileReference; lastKnownFileType = folder.assetcatalog; path = Assets.xcassets; sourceTree = "<group>"; };
		7FB910F22BF519FB008EA7BB /* Base */ = {isa = PBXFileReference; lastKnownFileType = file.storyboard; name = Base; path = Base.lproj/LaunchScreen.storyboard; sourceTree = "<group>"; };
		7FB910F42BF519FB008EA7BB /* Info.plist */ = {isa = PBXFileReference; lastKnownFileType = text.plist.xml; name = Info.plist; path = Basic_Timer/Info.plist; sourceTree = SOURCE_ROOT; };
		7FB910F92BF519FB008EA7BB /* Basic_TimerTests.xctest */ = {isa = PBXFileReference; explicitFileType = wrapper.cfbundle; includeInIndex = 0; path = Basic_TimerTests.xctest; sourceTree = BUILT_PRODUCTS_DIR; };
		7FB910FD2BF519FB008EA7BB /* Basic_TimerTests.swift */ = {isa = PBXFileReference; lastKnownFileType = sourcecode.swift; path = Basic_TimerTests.swift; sourceTree = "<group>"; };
		7FB911032BF519FB008EA7BB /* Basic_TimerUITests.xctest */ = {isa = PBXFileReference; explicitFileType = wrapper.cfbundle; includeInIndex = 0; path = Basic_TimerUITests.xctest; sourceTree = BUILT_PRODUCTS_DIR; };
		7FB911072BF519FB008EA7BB /* Basic_TimerUITests.swift */ = {isa = PBXFileReference; lastKnownFileType = sourcecode.swift; path = Basic_TimerUITests.swift; sourceTree = "<group>"; };
		7FB911092BF519FB008EA7BB /* Basic_TimerUITestsLaunchTests.swift */ = {isa = PBXFileReference; lastKnownFileType = sourcecode.swift; path = Basic_TimerUITestsLaunchTests.swift; sourceTree = "<group>"; };
		7FCC90D62C124AD8001C4EAC /* PickerFunction.swift */ = {isa = PBXFileReference; lastKnownFileType = sourcecode.swift; path = PickerFunction.swift; sourceTree = "<group>"; };
/* End PBXFileReference section */

/* Begin PBXFrameworksBuildPhase section */
		7FB910E02BF519FA008EA7BB /* Frameworks */ = {
			isa = PBXFrameworksBuildPhase;
			buildActionMask = 2147483647;
			files = (
			);
			runOnlyForDeploymentPostprocessing = 0;
		};
		7FB910F62BF519FB008EA7BB /* Frameworks */ = {
			isa = PBXFrameworksBuildPhase;
			buildActionMask = 2147483647;
			files = (
			);
			runOnlyForDeploymentPostprocessing = 0;
		};
		7FB911002BF519FB008EA7BB /* Frameworks */ = {
			isa = PBXFrameworksBuildPhase;
			buildActionMask = 2147483647;
			files = (
			);
			runOnlyForDeploymentPostprocessing = 0;
		};
/* End PBXFrameworksBuildPhase section */

/* Begin PBXGroup section */
		7FB910DA2BF519FA008EA7BB = {
			isa = PBXGroup;
			children = (
				7FB910E52BF519FA008EA7BB /* Basic_Timer */,
				7FB910FC2BF519FB008EA7BB /* Basic_TimerTests */,
				7FB911062BF519FB008EA7BB /* Basic_TimerUITests */,
				7FB910E42BF519FA008EA7BB /* Products */,
			);
			sourceTree = "<group>";
		};
		7FB910E42BF519FA008EA7BB /* Products */ = {
			isa = PBXGroup;
			children = (
				7FB910E32BF519FA008EA7BB /* Basic_Timer.app */,
				7FB910F92BF519FB008EA7BB /* Basic_TimerTests.xctest */,
				7FB911032BF519FB008EA7BB /* Basic_TimerUITests.xctest */,
			);
			name = Products;
			sourceTree = "<group>";
		};
		7FB910E52BF519FA008EA7BB /* Basic_Timer */ = {
			isa = PBXGroup;
			children = (
				7FB910E62BF519FA008EA7BB /* AppDelegate.swift */,
				7FB910E82BF519FA008EA7BB /* SceneDelegate.swift */,
				7FE12C8C2C0E6BB700ACC7EF /* Model */,
				7FE12C8B2C0E6B7900ACC7EF /* View */,
				7FB911162BF51A70008EA7BB /* Controller */,
				7FB910EF2BF519FB008EA7BB /* Assets.xcassets */,
				7FB910F12BF519FB008EA7BB /* LaunchScreen.storyboard */,
				7FB910F42BF519FB008EA7BB /* Info.plist */,
			);
			path = Basic_Timer;
			sourceTree = "<group>";
		};
		7FB910FC2BF519FB008EA7BB /* Basic_TimerTests */ = {
			isa = PBXGroup;
			children = (
				7FB910FD2BF519FB008EA7BB /* Basic_TimerTests.swift */,
			);
			path = Basic_TimerTests;
			sourceTree = "<group>";
		};
		7FB911062BF519FB008EA7BB /* Basic_TimerUITests */ = {
			isa = PBXGroup;
			children = (
				7FB911072BF519FB008EA7BB /* Basic_TimerUITests.swift */,
				7FB911092BF519FB008EA7BB /* Basic_TimerUITestsLaunchTests.swift */,
			);
			path = Basic_TimerUITests;
			sourceTree = "<group>";
		};
		7FB911162BF51A70008EA7BB /* Controller */ = {
			isa = PBXGroup;
			children = (
				7FB910EA2BF519FA008EA7BB /* TimerViewController.swift */,
				7F59ABD82BFE5A14004892AC /* MainViewController.swift */,
			);
			path = Controller;
			sourceTree = "<group>";
		};
		7FE12C8B2C0E6B7900ACC7EF /* View */ = {
			isa = PBXGroup;
			children = (
				7FB910EC2BF519FA008EA7BB /* Main.storyboard */,
			);
			path = View;
			sourceTree = "<group>";
		};
		7FE12C8C2C0E6BB700ACC7EF /* Model */ = {
			isa = PBXGroup;
			children = (
				7F593DA92C10EBFB0081F60C /* ScreenGestures.swift */,
				7F593DAB2C1110780081F60C /* SaveTimer.swift */,
				7FCC90D62C124AD8001C4EAC /* PickerFunction.swift */,
			);
			path = Model;
			sourceTree = "<group>";
		};
/* End PBXGroup section */

/* Begin PBXNativeTarget section */
		7FB910E22BF519FA008EA7BB /* Basic_Timer */ = {
			isa = PBXNativeTarget;
			buildConfigurationList = 7FB9110D2BF519FB008EA7BB /* Build configuration list for PBXNativeTarget "Basic_Timer" */;
			buildPhases = (
				7FB910DF2BF519FA008EA7BB /* Sources */,
				7FB910E02BF519FA008EA7BB /* Frameworks */,
				7FB910E12BF519FA008EA7BB /* Resources */,
			);
			buildRules = (
			);
			dependencies = (
			);
			name = Basic_Timer;
			productName = Pro_Timer;
			productReference = 7FB910E32BF519FA008EA7BB /* Basic_Timer.app */;
			productType = "com.apple.product-type.application";
		};
		7FB910F82BF519FB008EA7BB /* Basic_TimerTests */ = {
			isa = PBXNativeTarget;
			buildConfigurationList = 7FB911102BF519FB008EA7BB /* Build configuration list for PBXNativeTarget "Basic_TimerTests" */;
			buildPhases = (
				7FB910F52BF519FB008EA7BB /* Sources */,
				7FB910F62BF519FB008EA7BB /* Frameworks */,
				7FB910F72BF519FB008EA7BB /* Resources */,
			);
			buildRules = (
			);
			dependencies = (
				7FB910FB2BF519FB008EA7BB /* PBXTargetDependency */,
			);
			name = Basic_TimerTests;
			productName = Pro_TimerTests;
			productReference = 7FB910F92BF519FB008EA7BB /* Basic_TimerTests.xctest */;
			productType = "com.apple.product-type.bundle.unit-test";
		};
		7FB911022BF519FB008EA7BB /* Basic_TimerUITests */ = {
			isa = PBXNativeTarget;
			buildConfigurationList = 7FB911132BF519FB008EA7BB /* Build configuration list for PBXNativeTarget "Basic_TimerUITests" */;
			buildPhases = (
				7FB910FF2BF519FB008EA7BB /* Sources */,
				7FB911002BF519FB008EA7BB /* Frameworks */,
				7FB911012BF519FB008EA7BB /* Resources */,
			);
			buildRules = (
			);
			dependencies = (
				7FB911052BF519FB008EA7BB /* PBXTargetDependency */,
			);
			name = Basic_TimerUITests;
			productName = Pro_TimerUITests;
			productReference = 7FB911032BF519FB008EA7BB /* Basic_TimerUITests.xctest */;
			productType = "com.apple.product-type.bundle.ui-testing";
		};
/* End PBXNativeTarget section */

/* Begin PBXProject section */
		7FB910DB2BF519FA008EA7BB /* Project object */ = {
			isa = PBXProject;
			attributes = {
				BuildIndependentTargetsInParallel = 1;
				LastSwiftUpdateCheck = 1540;
				LastUpgradeCheck = 1540;
				TargetAttributes = {
					7FB910E22BF519FA008EA7BB = {
						CreatedOnToolsVersion = 15.4;
					};
					7FB910F82BF519FB008EA7BB = {
						CreatedOnToolsVersion = 15.4;
						TestTargetID = 7FB910E22BF519FA008EA7BB;
					};
					7FB911022BF519FB008EA7BB = {
						CreatedOnToolsVersion = 15.4;
						TestTargetID = 7FB910E22BF519FA008EA7BB;
					};
				};
			};
			buildConfigurationList = 7FB910DE2BF519FA008EA7BB /* Build configuration list for PBXProject "Basic_Timer" */;
			compatibilityVersion = "Xcode 14.0";
			developmentRegion = en;
			hasScannedForEncodings = 0;
			knownRegions = (
				en,
				Base,
			);
			mainGroup = 7FB910DA2BF519FA008EA7BB;
			productRefGroup = 7FB910E42BF519FA008EA7BB /* Products */;
			projectDirPath = "";
			projectRoot = "";
			targets = (
				7FB910E22BF519FA008EA7BB /* Basic_Timer */,
				7FB910F82BF519FB008EA7BB /* Basic_TimerTests */,
				7FB911022BF519FB008EA7BB /* Basic_TimerUITests */,
			);
		};
/* End PBXProject section */

/* Begin PBXResourcesBuildPhase section */
		7FB910E12BF519FA008EA7BB /* Resources */ = {
			isa = PBXResourcesBuildPhase;
			buildActionMask = 2147483647;
			files = (
				7FB910F02BF519FB008EA7BB /* Assets.xcassets in Resources */,
				7FB910F32BF519FB008EA7BB /* Base in Resources */,
				7FB910EE2BF519FA008EA7BB /* Base in Resources */,
			);
			runOnlyForDeploymentPostprocessing = 0;
		};
		7FB910F72BF519FB008EA7BB /* Resources */ = {
			isa = PBXResourcesBuildPhase;
			buildActionMask = 2147483647;
			files = (
			);
			runOnlyForDeploymentPostprocessing = 0;
		};
		7FB911012BF519FB008EA7BB /* Resources */ = {
			isa = PBXResourcesBuildPhase;
			buildActionMask = 2147483647;
			files = (
			);
			runOnlyForDeploymentPostprocessing = 0;
		};
/* End PBXResourcesBuildPhase section */

/* Begin PBXSourcesBuildPhase section */
		7FB910DF2BF519FA008EA7BB /* Sources */ = {
			isa = PBXSourcesBuildPhase;
			buildActionMask = 2147483647;
			files = (
				7F59ABD92BFE5A14004892AC /* MainViewController.swift in Sources */,
				7F593DAC2C1110780081F60C /* SaveTimer.swift in Sources */,
				7F593DAA2C10EBFB0081F60C /* ScreenGestures.swift in Sources */,
				7FCC90D72C124AD8001C4EAC /* PickerFunction.swift in Sources */,
				7FB910EB2BF519FA008EA7BB /* TimerViewController.swift in Sources */,
				7FB910E72BF519FA008EA7BB /* AppDelegate.swift in Sources */,
				7FB910E92BF519FA008EA7BB /* SceneDelegate.swift in Sources */,
			);
			runOnlyForDeploymentPostprocessing = 0;
		};
		7FB910F52BF519FB008EA7BB /* Sources */ = {
			isa = PBXSourcesBuildPhase;
			buildActionMask = 2147483647;
			files = (
				7FB910FE2BF519FB008EA7BB /* Basic_TimerTests.swift in Sources */,
			);
			runOnlyForDeploymentPostprocessing = 0;
		};
		7FB910FF2BF519FB008EA7BB /* Sources */ = {
			isa = PBXSourcesBuildPhase;
			buildActionMask = 2147483647;
			files = (
				7FB9110A2BF519FB008EA7BB /* Basic_TimerUITestsLaunchTests.swift in Sources */,
				7FB911082BF519FB008EA7BB /* Basic_TimerUITests.swift in Sources */,
			);
			runOnlyForDeploymentPostprocessing = 0;
		};
/* End PBXSourcesBuildPhase section */

/* Begin PBXTargetDependency section */
		7FB910FB2BF519FB008EA7BB /* PBXTargetDependency */ = {
			isa = PBXTargetDependency;
			target = 7FB910E22BF519FA008EA7BB /* Basic_Timer */;
			targetProxy = 7FB910FA2BF519FB008EA7BB /* PBXContainerItemProxy */;
		};
		7FB911052BF519FB008EA7BB /* PBXTargetDependency */ = {
			isa = PBXTargetDependency;
			target = 7FB910E22BF519FA008EA7BB /* Basic_Timer */;
			targetProxy = 7FB911042BF519FB008EA7BB /* PBXContainerItemProxy */;
		};
/* End PBXTargetDependency section */

/* Begin PBXVariantGroup section */
		7FB910EC2BF519FA008EA7BB /* Main.storyboard */ = {
			isa = PBXVariantGroup;
			children = (
				7FB910ED2BF519FA008EA7BB /* Base */,
			);
			name = Main.storyboard;
			sourceTree = "<group>";
		};
		7FB910F12BF519FB008EA7BB /* LaunchScreen.storyboard */ = {
			isa = PBXVariantGroup;
			children = (
				7FB910F22BF519FB008EA7BB /* Base */,
			);
			name = LaunchScreen.storyboard;
			sourceTree = "<group>";
		};
/* End PBXVariantGroup section */

/* Begin XCBuildConfiguration section */
		7FB9110B2BF519FB008EA7BB /* Debug */ = {
			isa = XCBuildConfiguration;
			buildSettings = {
				ALWAYS_SEARCH_USER_PATHS = NO;
				ASSETCATALOG_COMPILER_GENERATE_SWIFT_ASSET_SYMBOL_EXTENSIONS = YES;
				CLANG_ANALYZER_NONNULL = YES;
				CLANG_ANALYZER_NUMBER_OBJECT_CONVERSION = YES_AGGRESSIVE;
				CLANG_CXX_LANGUAGE_STANDARD = "gnu++20";
				CLANG_ENABLE_MODULES = YES;
				CLANG_ENABLE_OBJC_ARC = YES;
				CLANG_ENABLE_OBJC_WEAK = YES;
				CLANG_WARN_BLOCK_CAPTURE_AUTORELEASING = YES;
				CLANG_WARN_BOOL_CONVERSION = YES;
				CLANG_WARN_COMMA = YES;
				CLANG_WARN_CONSTANT_CONVERSION = YES;
				CLANG_WARN_DEPRECATED_OBJC_IMPLEMENTATIONS = YES;
				CLANG_WARN_DIRECT_OBJC_ISA_USAGE = YES_ERROR;
				CLANG_WARN_DOCUMENTATION_COMMENTS = YES;
				CLANG_WARN_EMPTY_BODY = YES;
				CLANG_WARN_ENUM_CONVERSION = YES;
				CLANG_WARN_INFINITE_RECURSION = YES;
				CLANG_WARN_INT_CONVERSION = YES;
				CLANG_WARN_NON_LITERAL_NULL_CONVERSION = YES;
				CLANG_WARN_OBJC_IMPLICIT_RETAIN_SELF = YES;
				CLANG_WARN_OBJC_LITERAL_CONVERSION = YES;
				CLANG_WARN_OBJC_ROOT_CLASS = YES_ERROR;
				CLANG_WARN_QUOTED_INCLUDE_IN_FRAMEWORK_HEADER = YES;
				CLANG_WARN_RANGE_LOOP_ANALYSIS = YES;
				CLANG_WARN_STRICT_PROTOTYPES = YES;
				CLANG_WARN_SUSPICIOUS_MOVE = YES;
				CLANG_WARN_UNGUARDED_AVAILABILITY = YES_AGGRESSIVE;
				CLANG_WARN_UNREACHABLE_CODE = YES;
				CLANG_WARN__DUPLICATE_METHOD_MATCH = YES;
				COPY_PHASE_STRIP = NO;
				DEBUG_INFORMATION_FORMAT = dwarf;
				ENABLE_STRICT_OBJC_MSGSEND = YES;
				ENABLE_TESTABILITY = YES;
				ENABLE_USER_SCRIPT_SANDBOXING = YES;
				GCC_C_LANGUAGE_STANDARD = gnu17;
				GCC_DYNAMIC_NO_PIC = NO;
				GCC_NO_COMMON_BLOCKS = YES;
				GCC_OPTIMIZATION_LEVEL = 0;
				GCC_PREPROCESSOR_DEFINITIONS = (
					"DEBUG=1",
					"$(inherited)",
				);
				GCC_WARN_64_TO_32_BIT_CONVERSION = YES;
				GCC_WARN_ABOUT_RETURN_TYPE = YES_ERROR;
				GCC_WARN_UNDECLARED_SELECTOR = YES;
				GCC_WARN_UNINITIALIZED_AUTOS = YES_AGGRESSIVE;
				GCC_WARN_UNUSED_FUNCTION = YES;
				GCC_WARN_UNUSED_VARIABLE = YES;
				IPHONEOS_DEPLOYMENT_TARGET = 17.5;
				LOCALIZATION_PREFERS_STRING_CATALOGS = YES;
				MTL_ENABLE_DEBUG_INFO = INCLUDE_SOURCE;
				MTL_FAST_MATH = YES;
				ONLY_ACTIVE_ARCH = YES;
				SDKROOT = iphoneos;
				SWIFT_ACTIVE_COMPILATION_CONDITIONS = "DEBUG $(inherited)";
				SWIFT_OPTIMIZATION_LEVEL = "-Onone";
			};
			name = Debug;
		};
		7FB9110C2BF519FB008EA7BB /* Release */ = {
			isa = XCBuildConfiguration;
			buildSettings = {
				ALWAYS_SEARCH_USER_PATHS = NO;
				ASSETCATALOG_COMPILER_GENERATE_SWIFT_ASSET_SYMBOL_EXTENSIONS = YES;
				CLANG_ANALYZER_NONNULL = YES;
				CLANG_ANALYZER_NUMBER_OBJECT_CONVERSION = YES_AGGRESSIVE;
				CLANG_CXX_LANGUAGE_STANDARD = "gnu++20";
				CLANG_ENABLE_MODULES = YES;
				CLANG_ENABLE_OBJC_ARC = YES;
				CLANG_ENABLE_OBJC_WEAK = YES;
				CLANG_WARN_BLOCK_CAPTURE_AUTORELEASING = YES;
				CLANG_WARN_BOOL_CONVERSION = YES;
				CLANG_WARN_COMMA = YES;
				CLANG_WARN_CONSTANT_CONVERSION = YES;
				CLANG_WARN_DEPRECATED_OBJC_IMPLEMENTATIONS = YES;
				CLANG_WARN_DIRECT_OBJC_ISA_USAGE = YES_ERROR;
				CLANG_WARN_DOCUMENTATION_COMMENTS = YES;
				CLANG_WARN_EMPTY_BODY = YES;
				CLANG_WARN_ENUM_CONVERSION = YES;
				CLANG_WARN_INFINITE_RECURSION = YES;
				CLANG_WARN_INT_CONVERSION = YES;
				CLANG_WARN_NON_LITERAL_NULL_CONVERSION = YES;
				CLANG_WARN_OBJC_IMPLICIT_RETAIN_SELF = YES;
				CLANG_WARN_OBJC_LITERAL_CONVERSION = YES;
				CLANG_WARN_OBJC_ROOT_CLASS = YES_ERROR;
				CLANG_WARN_QUOTED_INCLUDE_IN_FRAMEWORK_HEADER = YES;
				CLANG_WARN_RANGE_LOOP_ANALYSIS = YES;
				CLANG_WARN_STRICT_PROTOTYPES = YES;
				CLANG_WARN_SUSPICIOUS_MOVE = YES;
				CLANG_WARN_UNGUARDED_AVAILABILITY = YES_AGGRESSIVE;
				CLANG_WARN_UNREACHABLE_CODE = YES;
				CLANG_WARN__DUPLICATE_METHOD_MATCH = YES;
				COPY_PHASE_STRIP = NO;
				DEBUG_INFORMATION_FORMAT = "dwarf-with-dsym";
				ENABLE_NS_ASSERTIONS = NO;
				ENABLE_STRICT_OBJC_MSGSEND = YES;
				ENABLE_USER_SCRIPT_SANDBOXING = YES;
				GCC_C_LANGUAGE_STANDARD = gnu17;
				GCC_NO_COMMON_BLOCKS = YES;
				GCC_WARN_64_TO_32_BIT_CONVERSION = YES;
				GCC_WARN_ABOUT_RETURN_TYPE = YES_ERROR;
				GCC_WARN_UNDECLARED_SELECTOR = YES;
				GCC_WARN_UNINITIALIZED_AUTOS = YES_AGGRESSIVE;
				GCC_WARN_UNUSED_FUNCTION = YES;
				GCC_WARN_UNUSED_VARIABLE = YES;
				IPHONEOS_DEPLOYMENT_TARGET = 17.5;
				LOCALIZATION_PREFERS_STRING_CATALOGS = YES;
				MTL_ENABLE_DEBUG_INFO = NO;
				MTL_FAST_MATH = YES;
				SDKROOT = iphoneos;
				SWIFT_COMPILATION_MODE = wholemodule;
				VALIDATE_PRODUCT = YES;
			};
			name = Release;
		};
		7FB9110E2BF519FB008EA7BB /* Debug */ = {
			isa = XCBuildConfiguration;
			buildSettings = {
				ASSETCATALOG_COMPILER_APPICON_NAME = AppIcon;
				ASSETCATALOG_COMPILER_GLOBAL_ACCENT_COLOR_NAME = AccentColor;
				CODE_SIGN_STYLE = Automatic;
				CURRENT_PROJECT_VERSION = 1;
				DEVELOPMENT_TEAM = 5ACR4Z4G66;
				GENERATE_INFOPLIST_FILE = YES;
				INFOPLIST_FILE = Basic_Timer/Info.plist;
				INFOPLIST_KEY_UIApplicationSupportsIndirectInputEvents = YES;
				INFOPLIST_KEY_UILaunchStoryboardName = LaunchScreen;
				INFOPLIST_KEY_UIMainStoryboardFile = Main;
				INFOPLIST_KEY_UISupportedInterfaceOrientations_iPad = "UIInterfaceOrientationPortrait UIInterfaceOrientationPortraitUpsideDown UIInterfaceOrientationLandscapeLeft UIInterfaceOrientationLandscapeRight";
				INFOPLIST_KEY_UISupportedInterfaceOrientations_iPhone = "UIInterfaceOrientationPortrait UIInterfaceOrientationLandscapeLeft UIInterfaceOrientationLandscapeRight";
				LD_RUNPATH_SEARCH_PATHS = (
					"$(inherited)",
					"@executable_path/Frameworks",
				);
				MARKETING_VERSION = 1.0;
				PRODUCT_BUNDLE_IDENTIFIER = "com.dallinlane.Pro-Timer";
				PRODUCT_NAME = "$(TARGET_NAME)";
				SWIFT_EMIT_LOC_STRINGS = YES;
				SWIFT_VERSION = 5.0;
				TARGETED_DEVICE_FAMILY = "1,2";
			};
			name = Debug;
		};
		7FB9110F2BF519FB008EA7BB /* Release */ = {
			isa = XCBuildConfiguration;
			buildSettings = {
				ASSETCATALOG_COMPILER_APPICON_NAME = AppIcon;
				ASSETCATALOG_COMPILER_GLOBAL_ACCENT_COLOR_NAME = AccentColor;
				CODE_SIGN_STYLE = Automatic;
				CURRENT_PROJECT_VERSION = 1;
				DEVELOPMENT_TEAM = 5ACR4Z4G66;
				GENERATE_INFOPLIST_FILE = YES;
				INFOPLIST_FILE = Basic_Timer/Info.plist;
				INFOPLIST_KEY_UIApplicationSupportsIndirectInputEvents = YES;
				INFOPLIST_KEY_UILaunchStoryboardName = LaunchScreen;
				INFOPLIST_KEY_UIMainStoryboardFile = Main;
				INFOPLIST_KEY_UISupportedInterfaceOrientations_iPad = "UIInterfaceOrientationPortrait UIInterfaceOrientationPortraitUpsideDown UIInterfaceOrientationLandscapeLeft UIInterfaceOrientationLandscapeRight";
				INFOPLIST_KEY_UISupportedInterfaceOrientations_iPhone = "UIInterfaceOrientationPortrait UIInterfaceOrientationLandscapeLeft UIInterfaceOrientationLandscapeRight";
				LD_RUNPATH_SEARCH_PATHS = (
					"$(inherited)",
					"@executable_path/Frameworks",
				);
				MARKETING_VERSION = 1.0;
				PRODUCT_BUNDLE_IDENTIFIER = "com.dallinlane.Pro-Timer";
				PRODUCT_NAME = "$(TARGET_NAME)";
				SWIFT_EMIT_LOC_STRINGS = YES;
				SWIFT_VERSION = 5.0;
				TARGETED_DEVICE_FAMILY = "1,2";
			};
			name = Release;
		};
		7FB911112BF519FB008EA7BB /* Debug */ = {
			isa = XCBuildConfiguration;
			buildSettings = {
				ALWAYS_EMBED_SWIFT_STANDARD_LIBRARIES = YES;
				BUNDLE_LOADER = "$(TEST_HOST)";
				CODE_SIGN_STYLE = Automatic;
				CURRENT_PROJECT_VERSION = 1;
				DEVELOPMENT_TEAM = 5ACR4Z4G66;
				GENERATE_INFOPLIST_FILE = YES;
				IPHONEOS_DEPLOYMENT_TARGET = 17.5;
				MARKETING_VERSION = 1.0;
				PRODUCT_BUNDLE_IDENTIFIER = "com.dallinlane.Pro-TimerTests";
				PRODUCT_NAME = "$(TARGET_NAME)";
				SWIFT_EMIT_LOC_STRINGS = NO;
				SWIFT_VERSION = 5.0;
				TARGETED_DEVICE_FAMILY = "1,2";
				TEST_HOST = "$(BUILT_PRODUCTS_DIR)/Basic_Timer.app/$(BUNDLE_EXECUTABLE_FOLDER_PATH)/Basic_Timer";
			};
			name = Debug;
		};
		7FB911122BF519FB008EA7BB /* Release */ = {
			isa = XCBuildConfiguration;
			buildSettings = {
				ALWAYS_EMBED_SWIFT_STANDARD_LIBRARIES = YES;
				BUNDLE_LOADER = "$(TEST_HOST)";
				CODE_SIGN_STYLE = Automatic;
				CURRENT_PROJECT_VERSION = 1;
				DEVELOPMENT_TEAM = 5ACR4Z4G66;
				GENERATE_INFOPLIST_FILE = YES;
				IPHONEOS_DEPLOYMENT_TARGET = 17.5;
				MARKETING_VERSION = 1.0;
				PRODUCT_BUNDLE_IDENTIFIER = "com.dallinlane.Pro-TimerTests";
				PRODUCT_NAME = "$(TARGET_NAME)";
				SWIFT_EMIT_LOC_STRINGS = NO;
				SWIFT_VERSION = 5.0;
				TARGETED_DEVICE_FAMILY = "1,2";
				TEST_HOST = "$(BUILT_PRODUCTS_DIR)/Basic_Timer.app/$(BUNDLE_EXECUTABLE_FOLDER_PATH)/Basic_Timer";
			};
			name = Release;
		};
		7FB911142BF519FB008EA7BB /* Debug */ = {
			isa = XCBuildConfiguration;
			buildSettings = {
				ALWAYS_EMBED_SWIFT_STANDARD_LIBRARIES = YES;
				CODE_SIGN_STYLE = Automatic;
				CURRENT_PROJECT_VERSION = 1;
				DEVELOPMENT_TEAM = 5ACR4Z4G66;
				GENERATE_INFOPLIST_FILE = YES;
				MARKETING_VERSION = 1.0;
				PRODUCT_BUNDLE_IDENTIFIER = "com.dallinlane.Pro-TimerUITests";
				PRODUCT_NAME = "$(TARGET_NAME)";
				SWIFT_EMIT_LOC_STRINGS = NO;
				SWIFT_VERSION = 5.0;
				TARGETED_DEVICE_FAMILY = "1,2";
				TEST_TARGET_NAME = Pro_Timer;
			};
			name = Debug;
		};
		7FB911152BF519FB008EA7BB /* Release */ = {
			isa = XCBuildConfiguration;
			buildSettings = {
				ALWAYS_EMBED_SWIFT_STANDARD_LIBRARIES = YES;
				CODE_SIGN_STYLE = Automatic;
				CURRENT_PROJECT_VERSION = 1;
				DEVELOPMENT_TEAM = 5ACR4Z4G66;
				GENERATE_INFOPLIST_FILE = YES;
				MARKETING_VERSION = 1.0;
				PRODUCT_BUNDLE_IDENTIFIER = "com.dallinlane.Pro-TimerUITests";
				PRODUCT_NAME = "$(TARGET_NAME)";
				SWIFT_EMIT_LOC_STRINGS = NO;
				SWIFT_VERSION = 5.0;
				TARGETED_DEVICE_FAMILY = "1,2";
				TEST_TARGET_NAME = Pro_Timer;
			};
			name = Release;
		};
/* End XCBuildConfiguration section */

/* Begin XCConfigurationList section */
		7FB910DE2BF519FA008EA7BB /* Build configuration list for PBXProject "Basic_Timer" */ = {
			isa = XCConfigurationList;
			buildConfigurations = (
				7FB9110B2BF519FB008EA7BB /* Debug */,
				7FB9110C2BF519FB008EA7BB /* Release */,
			);
			defaultConfigurationIsVisible = 0;
			defaultConfigurationName = Release;
		};
		7FB9110D2BF519FB008EA7BB /* Build configuration list for PBXNativeTarget "Basic_Timer" */ = {
			isa = XCConfigurationList;
			buildConfigurations = (
				7FB9110E2BF519FB008EA7BB /* Debug */,
				7FB9110F2BF519FB008EA7BB /* Release */,
			);
			defaultConfigurationIsVisible = 0;
			defaultConfigurationName = Release;
		};
		7FB911102BF519FB008EA7BB /* Build configuration list for PBXNativeTarget "Basic_TimerTests" */ = {
			isa = XCConfigurationList;
			buildConfigurations = (
				7FB911112BF519FB008EA7BB /* Debug */,
				7FB911122BF519FB008EA7BB /* Release */,
			);
			defaultConfigurationIsVisible = 0;
			defaultConfigurationName = Release;
		};
		7FB911132BF519FB008EA7BB /* Build configuration list for PBXNativeTarget "Basic_TimerUITests" */ = {
			isa = XCConfigurationList;
			buildConfigurations = (
				7FB911142BF519FB008EA7BB /* Debug */,
				7FB911152BF519FB008EA7BB /* Release */,
			);
			defaultConfigurationIsVisible = 0;
			defaultConfigurationName = Release;
		};
/* End XCConfigurationList section */
	};
	rootObject = 7FB910DB2BF519FA008EA7BB /* Project object */;
}
